// !$*UTF8*$!
{
	archiveVersion = 1;
	classes = {
	};
	objectVersion = 48;
	objects = {

/* Begin PBXBuildFile section */
		110BC0741FA748CB00CFF829 /* AppDelegate.swift in Sources */ = {isa = PBXBuildFile; fileRef = 110BC0731FA748CB00CFF829 /* AppDelegate.swift */; };
		110BC0761FA748CB00CFF829 /* ViewController.swift in Sources */ = {isa = PBXBuildFile; fileRef = 110BC0751FA748CB00CFF829 /* ViewController.swift */; };
		110BC0791FA748CB00CFF829 /* Main.storyboard in Resources */ = {isa = PBXBuildFile; fileRef = 110BC0771FA748CB00CFF829 /* Main.storyboard */; };
		110BC07B1FA748CC00CFF829 /* Assets.xcassets in Resources */ = {isa = PBXBuildFile; fileRef = 110BC07A1FA748CC00CFF829 /* Assets.xcassets */; };
		110BC07E1FA748CC00CFF829 /* LaunchScreen.storyboard in Resources */ = {isa = PBXBuildFile; fileRef = 110BC07C1FA748CC00CFF829 /* LaunchScreen.storyboard */; };
		110BC0861FA749DD00CFF829 /* LeoRegex.swift in Sources */ = {isa = PBXBuildFile; fileRef = 110BC0851FA749DC00CFF829 /* LeoRegex.swift */; };
/* End PBXBuildFile section */

/* Begin PBXFileReference section */
		110BC0701FA748CB00CFF829 /* LeoRegex.app */ = {isa = PBXFileReference; explicitFileType = wrapper.application; includeInIndex = 0; path = LeoRegex.app; sourceTree = BUILT_PRODUCTS_DIR; };
		110BC0731FA748CB00CFF829 /* AppDelegate.swift */ = {isa = PBXFileReference; lastKnownFileType = sourcecode.swift; path = AppDelegate.swift; sourceTree = "<group>"; };
		110BC0751FA748CB00CFF829 /* ViewController.swift */ = {isa = PBXFileReference; lastKnownFileType = sourcecode.swift; path = ViewController.swift; sourceTree = "<group>"; };
		110BC0781FA748CB00CFF829 /* Base */ = {isa = PBXFileReference; lastKnownFileType = file.storyboard; name = Base; path = Base.lproj/Main.storyboard; sourceTree = "<group>"; };
		110BC07A1FA748CC00CFF829 /* Assets.xcassets */ = {isa = PBXFileReference; lastKnownFileType = folder.assetcatalog; path = Assets.xcassets; sourceTree = "<group>"; };
		110BC07D1FA748CC00CFF829 /* Base */ = {isa = PBXFileReference; lastKnownFileType = file.storyboard; name = Base; path = Base.lproj/LaunchScreen.storyboard; sourceTree = "<group>"; };
		110BC07F1FA748CC00CFF829 /* Info.plist */ = {isa = PBXFileReference; lastKnownFileType = text.plist.xml; path = Info.plist; sourceTree = "<group>"; };
		110BC0851FA749DC00CFF829 /* LeoRegex.swift */ = {isa = PBXFileReference; lastKnownFileType = sourcecode.swift; path = LeoRegex.swift; sourceTree = "<group>"; };
		110BC0871FA749FC00CFF829 /* README.md */ = {isa = PBXFileReference; lastKnownFileType = net.daringfireball.markdown; path = README.md; sourceTree = "<group>"; };
/* End PBXFileReference section */

/* Begin PBXFrameworksBuildPhase section */
		110BC06D1FA748CB00CFF829 /* Frameworks */ = {
			isa = PBXFrameworksBuildPhase;
			buildActionMask = 2147483647;
			files = (
			);
			runOnlyForDeploymentPostprocessing = 0;
		};
/* End PBXFrameworksBuildPhase section */

/* Begin PBXGroup section */
		110BC0671FA748CB00CFF829 = {
			isa = PBXGroup;
			children = (
				110BC0721FA748CB00CFF829 /* LeoRegex */,
				110BC0711FA748CB00CFF829 /* Products */,
			);
			sourceTree = "<group>";
		};
		110BC0711FA748CB00CFF829 /* Products */ = {
			isa = PBXGroup;
			children = (
				110BC0701FA748CB00CFF829 /* LeoRegex.app */,
			);
			name = Products;
			sourceTree = "<group>";
		};
		110BC0721FA748CB00CFF829 /* LeoRegex */ = {
			isa = PBXGroup;
			children = (
				110BC0731FA748CB00CFF829 /* AppDelegate.swift */,
				110BC0751FA748CB00CFF829 /* ViewController.swift */,
				110BC0851FA749DC00CFF829 /* LeoRegex.swift */,
				110BC0871FA749FC00CFF829 /* README.md */,
				110BC0771FA748CB00CFF829 /* Main.storyboard */,
				110BC07A1FA748CC00CFF829 /* Assets.xcassets */,
				110BC07C1FA748CC00CFF829 /* LaunchScreen.storyboard */,
				110BC07F1FA748CC00CFF829 /* Info.plist */,
			);
			path = LeoRegex;
			sourceTree = "<group>";
		};
/* End PBXGroup section */

/* Begin PBXNativeTarget section */
		110BC06F1FA748CB00CFF829 /* LeoRegex */ = {
			isa = PBXNativeTarget;
			buildConfigurationList = 110BC0821FA748CC00CFF829 /* Build configuration list for PBXNativeTarget "LeoRegex" */;
			buildPhases = (
				110BC06C1FA748CB00CFF829 /* Sources */,
				110BC06D1FA748CB00CFF829 /* Frameworks */,
				110BC06E1FA748CB00CFF829 /* Resources */,
			);
			buildRules = (
			);
			dependencies = (
			);
			name = LeoRegex;
			productName = LeoRegex;
			productReference = 110BC0701FA748CB00CFF829 /* LeoRegex.app */;
			productType = "com.apple.product-type.application";
		};
/* End PBXNativeTarget section */

/* Begin PBXProject section */
		110BC0681FA748CB00CFF829 /* Project object */ = {
			isa = PBXProject;
			attributes = {
				LastSwiftUpdateCheck = 0900;
				LastUpgradeCheck = 0900;
				ORGANIZATIONNAME = "vijay vir";
				TargetAttributes = {
					110BC06F1FA748CB00CFF829 = {
						CreatedOnToolsVersion = 9.0;
						ProvisioningStyle = Automatic;
					};
				};
			};
			buildConfigurationList = 110BC06B1FA748CB00CFF829 /* Build configuration list for PBXProject "LeoRegex" */;
			compatibilityVersion = "Xcode 8.0";
			developmentRegion = en;
			hasScannedForEncodings = 0;
			knownRegions = (
				en,
				Base,
			);
			mainGroup = 110BC0671FA748CB00CFF829;
			productRefGroup = 110BC0711FA748CB00CFF829 /* Products */;
			projectDirPath = "";
			projectRoot = "";
			targets = (
				110BC06F1FA748CB00CFF829 /* LeoRegex */,
			);
		};
/* End PBXProject section */

/* Begin PBXResourcesBuildPhase section */
		110BC06E1FA748CB00CFF829 /* Resources */ = {
			isa = PBXResourcesBuildPhase;
			buildActionMask = 2147483647;
			files = (
				110BC07E1FA748CC00CFF829 /* LaunchScreen.storyboard in Resources */,
				110BC07B1FA748CC00CFF829 /* Assets.xcassets in Resources */,
				110BC0791FA748CB00CFF829 /* Main.storyboard in Resources */,
			);
			runOnlyForDeploymentPostprocessing = 0;
		};
/* End PBXResourcesBuildPhase section */

/* Begin PBXSourcesBuildPhase section */
		110BC06C1FA748CB00CFF829 /* Sources */ = {
			isa = PBXSourcesBuildPhase;
			buildActionMask = 2147483647;
			files = (
				110BC0761FA748CB00CFF829 /* ViewController.swift in Sources */,
				110BC0741FA748CB00CFF829 /* AppDelegate.swift in Sources */,
				110BC0861FA749DD00CFF829 /* LeoRegex.swift in Sources */,
			);
			runOnlyForDeploymentPostprocessing = 0;
		};
/* End PBXSourcesBuildPhase section */

/* Begin PBXVariantGroup section */
		110BC0771FA748CB00CFF829 /* Main.storyboard */ = {
			isa = PBXVariantGroup;
			children = (
				110BC0781FA748CB00CFF829 /* Base */,
			);
			name = Main.storyboard;
			sourceTree = "<group>";
		};
		110BC07C1FA748CC00CFF829 /* LaunchScreen.storyboard */ = {
			isa = PBXVariantGroup;
			children = (
				110BC07D1FA748CC00CFF829 /* Base */,
			);
			name = LaunchScreen.storyboard;
			sourceTree = "<group>";
		};
/* End PBXVariantGroup section */

/* Begin XCBuildConfiguration section */
		110BC0801FA748CC00CFF829 /* Debug */ = {
			isa = XCBuildConfiguration;
			buildSettings = {
				ALWAYS_SEARCH_USER_PATHS = NO;
				CLANG_ANALYZER_NONNULL = YES;
				CLANG_ANALYZER_NUMBER_OBJECT_CONVERSION = YES_AGGRESSIVE;
				CLANG_CXX_LANGUAGE_STANDARD = "gnu++14";
				CLANG_CXX_LIBRARY = "libc++";
				CLANG_ENABLE_MODULES = YES;
				CLANG_ENABLE_OBJC_ARC = YES;
				CLANG_WARN_BLOCK_CAPTURE_AUTORELEASING = YES;
				CLANG_WARN_BOOL_CONVERSION = YES;
				CLANG_WARN_COMMA = YES;
				CLANG_WARN_CONSTANT_CONVERSION = YES;
				CLANG_WARN_DIRECT_OBJC_ISA_USAGE = YES_ERROR;
				CLANG_WARN_DOCUMENTATION_COMMENTS = YES;
				CLANG_WARN_EMPTY_BODY = YES;
				CLANG_WARN_ENUM_CONVERSION = YES;
				CLANG_WARN_INFINITE_RECURSION = YES;
				CLANG_WARN_INT_CONVERSION = YES;
				CLANG_WARN_NON_LITERAL_NULL_CONVERSION = YES;
				CLANG_WARN_OBJC_LITERAL_CONVERSION = YES;
				CLANG_WARN_OBJC_ROOT_CLASS = YES_ERROR;
				CLANG_WARN_RANGE_LOOP_ANALYSIS = YES;
				CLANG_WARN_STRICT_PROTOTYPES = YES;
				CLANG_WARN_SUSPICIOUS_MOVE = YES;
				CLANG_WARN_UNGUARDED_AVAILABILITY = YES_AGGRESSIVE;
				CLANG_WARN_UNREACHABLE_CODE = YES;
				CLANG_WARN__DUPLICATE_METHOD_MATCH = YES;
				CODE_SIGN_IDENTITY = "iPhone Developer";
				COPY_PHASE_STRIP = NO;
				DEBUG_INFORMATION_FORMAT = dwarf;
				ENABLE_STRICT_OBJC_MSGSEND = YES;
				ENABLE_TESTABILITY = YES;
				GCC_C_LANGUAGE_STANDARD = gnu11;
				GCC_DYNAMIC_NO_PIC = NO;
				GCC_NO_COMMON_BLOCKS = YES;
				GCC_OPTIMIZATION_LEVEL = 0;
				GCC_PREPROCESSOR_DEFINITIONS = (
					"DEBUG=1",
					"$(inherited)",
				);
				GCC_WARN_64_TO_32_BIT_CONVERSION = YES;
				GCC_WARN_ABOUT_RETURN_TYPE = YES_ERROR;
				GCC_WARN_UNDECLARED_SELECTOR = YES;
				GCC_WARN_UNINITIALIZED_AUTOS = YES_AGGRESSIVE;
				GCC_WARN_UNUSED_FUNCTION = YES;
				GCC_WARN_UNUSED_VARIABLE = YES;
				IPHONEOS_DEPLOYMENT_TARGET = 11.0;
				MTL_ENABLE_DEBUG_INFO = YES;
				ONLY_ACTIVE_ARCH = YES;
				SDKROOT = iphoneos;
				SWIFT_ACTIVE_COMPILATION_CONDITIONS = DEBUG;
				SWIFT_OPTIMIZATION_LEVEL = "-Onone";
			};
			name = Debug;
		};
		110BC0811FA748CC00CFF829 /* Release */ = {
			isa = XCBuildConfiguration;
			buildSettings = {
				ALWAYS_SEARCH_USER_PATHS = NO;
				CLANG_ANALYZER_NONNULL = YES;
				CLANG_ANALYZER_NUMBER_OBJECT_CONVERSION = YES_AGGRESSIVE;
				CLANG_CXX_LANGUAGE_STANDARD = "gnu++14";
				CLANG_CXX_LIBRARY = "libc++";
				CLANG_ENABLE_MODULES = YES;
				CLANG_ENABLE_OBJC_ARC = YES;
				CLANG_WARN_BLOCK_CAPTURE_AUTORELEASING = YES;
				CLANG_WARN_BOOL_CONVERSION = YES;
				CLANG_WARN_COMMA = YES;
				CLANG_WARN_CONSTANT_CONVERSION = YES;
				CLANG_WARN_DIRECT_OBJC_ISA_USAGE = YES_ERROR;
				CLANG_WARN_DOCUMENTATION_COMMENTS = YES;
				CLANG_WARN_EMPTY_BODY = YES;
				CLANG_WARN_ENUM_CONVERSION = YES;
				CLANG_WARN_INFINITE_RECURSION = YES;
				CLANG_WARN_INT_CONVERSION = YES;
				CLANG_WARN_NON_LITERAL_NULL_CONVERSION = YES;
				CLANG_WARN_OBJC_LITERAL_CONVERSION = YES;
				CLANG_WARN_OBJC_ROOT_CLASS = YES_ERROR;
				CLANG_WARN_RANGE_LOOP_ANALYSIS = YES;
				CLANG_WARN_STRICT_PROTOTYPES = YES;
				CLANG_WARN_SUSPICIOUS_MOVE = YES;
				CLANG_WARN_UNGUARDED_AVAILABILITY = YES_AGGRESSIVE;
				CLANG_WARN_UNREACHABLE_CODE = YES;
				CLANG_WARN__DUPLICATE_METHOD_MATCH = YES;
				CODE_SIGN_IDENTITY = "iPhone Developer";
				COPY_PHASE_STRIP = NO;
				DEBUG_INFORMATION_FORMAT = "dwarf-with-dsym";
				ENABLE_NS_ASSERTIONS = NO;
				ENABLE_STRICT_OBJC_MSGSEND = YES;
				GCC_C_LANGUAGE_STANDARD = gnu11;
				GCC_NO_COMMON_BLOCKS = YES;
				GCC_WARN_64_TO_32_BIT_CONVERSION = YES;
				GCC_WARN_ABOUT_RETURN_TYPE = YES_ERROR;
				GCC_WARN_UNDECLARED_SELECTOR = YES;
				GCC_WARN_UNINITIALIZED_AUTOS = YES_AGGRESSIVE;
				GCC_WARN_UNUSED_FUNCTION = YES;
				GCC_WARN_UNUSED_VARIABLE = YES;
				IPHONEOS_DEPLOYMENT_TARGET = 11.0;
				MTL_ENABLE_DEBUG_INFO = NO;
				SDKROOT = iphoneos;
				SWIFT_OPTIMIZATION_LEVEL = "-Owholemodule";
				VALIDATE_PRODUCT = YES;
			};
			name = Release;
		};
		110BC0831FA748CC00CFF829 /* Debug */ = {
			isa = XCBuildConfiguration;
			buildSettings = {
				ASSETCATALOG_COMPILER_APPICON_NAME = AppIcon;
				CODE_SIGN_STYLE = Automatic;
				DEVELOPMENT_TEAM = V9782H4PQ9;
				INFOPLIST_FILE = LeoRegex/Info.plist;
				LD_RUNPATH_SEARCH_PATHS = "$(inherited) @executable_path/Frameworks";
				PRODUCT_BUNDLE_IDENTIFIER = com.siv.YachtBrain.LeoRegex;
				PRODUCT_NAME = "$(TARGET_NAME)";
				SWIFT_VERSION = 4.0;
				TARGETED_DEVICE_FAMILY = "1,2";
			};
			name = Debug;
		};
		110BC0841FA748CC00CFF829 /* Release */ = {
			isa = XCBuildConfiguration;
			buildSettings = {
				ASSETCATALOG_COMPILER_APPICON_NAME = AppIcon;
				CODE_SIGN_STYLE = Automatic;
				DEVELOPMENT_TEAM = V9782H4PQ9;
				INFOPLIST_FILE = LeoRegex/Info.plist;
				LD_RUNPATH_SEARCH_PATHS = "$(inherited) @executable_path/Frameworks";
				PRODUCT_BUNDLE_IDENTIFIER = com.siv.YachtBrain.LeoRegex;
				PRODUCT_NAME = "$(TARGET_NAME)";
				SWIFT_VERSION = 4.0;
				TARGETED_DEVICE_FAMILY = "1,2";
			};
			name = Release;
		};
/* End XCBuildConfiguration section */

/* Begin XCConfigurationList section */
		110BC06B1FA748CB00CFF829 /* Build configuration list for PBXProject "LeoRegex" */ = {
			isa = XCConfigurationList;
			buildConfigurations = (
				110BC0801FA748CC00CFF829 /* Debug */,
				110BC0811FA748CC00CFF829 /* Release */,
			);
			defaultConfigurationIsVisible = 0;
			defaultConfigurationName = Release;
		};
		110BC0821FA748CC00CFF829 /* Build configuration list for PBXNativeTarget "LeoRegex" */ = {
			isa = XCConfigurationList;
			buildConfigurations = (
				110BC0831FA748CC00CFF829 /* Debug */,
				110BC0841FA748CC00CFF829 /* Release */,
			);
			defaultConfigurationIsVisible = 0;
			defaultConfigurationName = Release;
		};
/* End XCConfigurationList section */
	};
	rootObject = 110BC0681FA748CB00CFF829 /* Project object */;
}
