// !$*UTF8*$!
{
	archiveVersion = 1;
	classes = {
	};
	objectVersion = 46;
	objects = {

/* Begin PBXBuildFile section */
		11EAA9A21F625E5900D6FBDC /* AppDelegate.swift in Sources */ = {isa = PBXBuildFile; fileRef = 11EAA9A11F625E5900D6FBDC /* AppDelegate.swift */; };
		11EAA9A41F625E5900D6FBDC /* ViewController.swift in Sources */ = {isa = PBXBuildFile; fileRef = 11EAA9A31F625E5900D6FBDC /* ViewController.swift */; };
		11EAA9A71F625E5900D6FBDC /* Main.storyboard in Resources */ = {isa = PBXBuildFile; fileRef = 11EAA9A51F625E5900D6FBDC /* Main.storyboard */; };
		11EAA9A91F625E5900D6FBDC /* Assets.xcassets in Resources */ = {isa = PBXBuildFile; fileRef = 11EAA9A81F625E5900D6FBDC /* Assets.xcassets */; };
		11EAA9AC1F625E5900D6FBDC /* LaunchScreen.storyboard in Resources */ = {isa = PBXBuildFile; fileRef = 11EAA9AA1F625E5900D6FBDC /* LaunchScreen.storyboard */; };
		11EAA9B41F625F2600D6FBDC /* LeoExtString.swift in Sources */ = {isa = PBXBuildFile; fileRef = 11EAA9B31F625F2600D6FBDC /* LeoExtString.swift */; };
/* End PBXBuildFile section */

/* Begin PBXFileReference section */
		11EAA99E1F625E5900D6FBDC /* Extentions.app */ = {isa = PBXFileReference; explicitFileType = wrapper.application; includeInIndex = 0; path = Extentions.app; sourceTree = BUILT_PRODUCTS_DIR; };
		11EAA9A11F625E5900D6FBDC /* AppDelegate.swift */ = {isa = PBXFileReference; lastKnownFileType = sourcecode.swift; path = AppDelegate.swift; sourceTree = "<group>"; };
		11EAA9A31F625E5900D6FBDC /* ViewController.swift */ = {isa = PBXFileReference; lastKnownFileType = sourcecode.swift; path = ViewController.swift; sourceTree = "<group>"; };
		11EAA9A61F625E5900D6FBDC /* Base */ = {isa = PBXFileReference; lastKnownFileType = file.storyboard; name = Base; path = Base.lproj/Main.storyboard; sourceTree = "<group>"; };
		11EAA9A81F625E5900D6FBDC /* Assets.xcassets */ = {isa = PBXFileReference; lastKnownFileType = folder.assetcatalog; path = Assets.xcassets; sourceTree = "<group>"; };
		11EAA9AB1F625E5900D6FBDC /* Base */ = {isa = PBXFileReference; lastKnownFileType = file.storyboard; name = Base; path = Base.lproj/LaunchScreen.storyboard; sourceTree = "<group>"; };
		11EAA9AD1F625E5900D6FBDC /* Info.plist */ = {isa = PBXFileReference; lastKnownFileType = text.plist.xml; path = Info.plist; sourceTree = "<group>"; };
		11EAA9B31F625F2600D6FBDC /* LeoExtString.swift */ = {isa = PBXFileReference; fileEncoding = 4; lastKnownFileType = sourcecode.swift; path = LeoExtString.swift; sourceTree = "<group>"; };
/* End PBXFileReference section */

/* Begin PBXFrameworksBuildPhase section */
		11EAA99B1F625E5900D6FBDC /* Frameworks */ = {
			isa = PBXFrameworksBuildPhase;
			buildActionMask = 2147483647;
			files = (
			);
			runOnlyForDeploymentPostprocessing = 0;
		};
/* End PBXFrameworksBuildPhase section */

/* Begin PBXGroup section */
		11EAA9951F625E5900D6FBDC = {
			isa = PBXGroup;
			children = (
				11EAA9A01F625E5900D6FBDC /* Extentions */,
				11EAA99F1F625E5900D6FBDC /* Products */,
			);
			sourceTree = "<group>";
		};
		11EAA99F1F625E5900D6FBDC /* Products */ = {
			isa = PBXGroup;
			children = (
				11EAA99E1F625E5900D6FBDC /* Extentions.app */,
			);
			name = Products;
			sourceTree = "<group>";
		};
		11EAA9A01F625E5900D6FBDC /* Extentions */ = {
			isa = PBXGroup;
			children = (
				11EAA9A11F625E5900D6FBDC /* AppDelegate.swift */,
				11EAA9A31F625E5900D6FBDC /* ViewController.swift */,
				11EAA9B31F625F2600D6FBDC /* LeoExtString.swift */,
				11EAA9A51F625E5900D6FBDC /* Main.storyboard */,
				11EAA9A81F625E5900D6FBDC /* Assets.xcassets */,
				11EAA9AA1F625E5900D6FBDC /* LaunchScreen.storyboard */,
				11EAA9AD1F625E5900D6FBDC /* Info.plist */,
			);
			path = Extentions;
			sourceTree = "<group>";
		};
/* End PBXGroup section */

/* Begin PBXNativeTarget section */
		11EAA99D1F625E5900D6FBDC /* Extentions */ = {
			isa = PBXNativeTarget;
			buildConfigurationList = 11EAA9B01F625E5900D6FBDC /* Build configuration list for PBXNativeTarget "Extentions" */;
			buildPhases = (
				11EAA99A1F625E5900D6FBDC /* Sources */,
				11EAA99B1F625E5900D6FBDC /* Frameworks */,
				11EAA99C1F625E5900D6FBDC /* Resources */,
			);
			buildRules = (
			);
			dependencies = (
			);
			name = Extentions;
			productName = Extentions;
			productReference = 11EAA99E1F625E5900D6FBDC /* Extentions.app */;
			productType = "com.apple.product-type.application";
		};
/* End PBXNativeTarget section */

/* Begin PBXProject section */
		11EAA9961F625E5900D6FBDC /* Project object */ = {
			isa = PBXProject;
			attributes = {
				LastSwiftUpdateCheck = 0830;
				LastUpgradeCheck = 0830;
				ORGANIZATIONNAME = "vijay vir";
				TargetAttributes = {
					11EAA99D1F625E5900D6FBDC = {
						CreatedOnToolsVersion = 8.3.3;
						ProvisioningStyle = Automatic;
					};
				};
			};
			buildConfigurationList = 11EAA9991F625E5900D6FBDC /* Build configuration list for PBXProject "Extentions" */;
			compatibilityVersion = "Xcode 3.2";
			developmentRegion = English;
			hasScannedForEncodings = 0;
			knownRegions = (
				en,
				Base,
			);
			mainGroup = 11EAA9951F625E5900D6FBDC;
			productRefGroup = 11EAA99F1F625E5900D6FBDC /* Products */;
			projectDirPath = "";
			projectRoot = "";
			targets = (
				11EAA99D1F625E5900D6FBDC /* Extentions */,
			);
		};
/* End PBXProject section */

/* Begin PBXResourcesBuildPhase section */
		11EAA99C1F625E5900D6FBDC /* Resources */ = {
			isa = PBXResourcesBuildPhase;
			buildActionMask = 2147483647;
			files = (
				11EAA9AC1F625E5900D6FBDC /* LaunchScreen.storyboard in Resources */,
				11EAA9A91F625E5900D6FBDC /* Assets.xcassets in Resources */,
				11EAA9A71F625E5900D6FBDC /* Main.storyboard in Resources */,
			);
			runOnlyForDeploymentPostprocessing = 0;
		};
/* End PBXResourcesBuildPhase section */

/* Begin PBXSourcesBuildPhase section */
		11EAA99A1F625E5900D6FBDC /* Sources */ = {
			isa = PBXSourcesBuildPhase;
			buildActionMask = 2147483647;
			files = (
				11EAA9A41F625E5900D6FBDC /* ViewController.swift in Sources */,
				11EAA9A21F625E5900D6FBDC /* AppDelegate.swift in Sources */,
				11EAA9B41F625F2600D6FBDC /* LeoExtString.swift in Sources */,
			);
			runOnlyForDeploymentPostprocessing = 0;
		};
/* End PBXSourcesBuildPhase section */

/* Begin PBXVariantGroup section */
		11EAA9A51F625E5900D6FBDC /* Main.storyboard */ = {
			isa = PBXVariantGroup;
			children = (
				11EAA9A61F625E5900D6FBDC /* Base */,
			);
			name = Main.storyboard;
			sourceTree = "<group>";
		};
		11EAA9AA1F625E5900D6FBDC /* LaunchScreen.storyboard */ = {
			isa = PBXVariantGroup;
			children = (
				11EAA9AB1F625E5900D6FBDC /* Base */,
			);
			name = LaunchScreen.storyboard;
			sourceTree = "<group>";
		};
/* End PBXVariantGroup section */

/* Begin XCBuildConfiguration section */
		11EAA9AE1F625E5900D6FBDC /* Debug */ = {
			isa = XCBuildConfiguration;
			buildSettings = {
				ALWAYS_SEARCH_USER_PATHS = NO;
				CLANG_ANALYZER_NONNULL = YES;
				CLANG_ANALYZER_NUMBER_OBJECT_CONVERSION = YES_AGGRESSIVE;
				CLANG_CXX_LANGUAGE_STANDARD = "gnu++0x";
				CLANG_CXX_LIBRARY = "libc++";
				CLANG_ENABLE_MODULES = YES;
				CLANG_ENABLE_OBJC_ARC = YES;
				CLANG_WARN_BOOL_CONVERSION = YES;
				CLANG_WARN_CONSTANT_CONVERSION = YES;
				CLANG_WARN_DIRECT_OBJC_ISA_USAGE = YES_ERROR;
				CLANG_WARN_DOCUMENTATION_COMMENTS = YES;
				CLANG_WARN_EMPTY_BODY = YES;
				CLANG_WARN_ENUM_CONVERSION = YES;
				CLANG_WARN_INFINITE_RECURSION = YES;
				CLANG_WARN_INT_CONVERSION = YES;
				CLANG_WARN_OBJC_ROOT_CLASS = YES_ERROR;
				CLANG_WARN_SUSPICIOUS_MOVE = YES;
				CLANG_WARN_UNREACHABLE_CODE = YES;
				CLANG_WARN__DUPLICATE_METHOD_MATCH = YES;
				"CODE_SIGN_IDENTITY[sdk=iphoneos*]" = "iPhone Developer";
				COPY_PHASE_STRIP = NO;
				DEBUG_INFORMATION_FORMAT = dwarf;
				ENABLE_STRICT_OBJC_MSGSEND = YES;
				ENABLE_TESTABILITY = YES;
				GCC_C_LANGUAGE_STANDARD = gnu99;
				GCC_DYNAMIC_NO_PIC = NO;
				GCC_NO_COMMON_BLOCKS = YES;
				GCC_OPTIMIZATION_LEVEL = 0;
				GCC_PREPROCESSOR_DEFINITIONS = (
					"DEBUG=1",
					"$(inherited)",
				);
				GCC_WARN_64_TO_32_BIT_CONVERSION = YES;
				GCC_WARN_ABOUT_RETURN_TYPE = YES_ERROR;
				GCC_WARN_UNDECLARED_SELECTOR = YES;
				GCC_WARN_UNINITIALIZED_AUTOS = YES_AGGRESSIVE;
				GCC_WARN_UNUSED_FUNCTION = YES;
				GCC_WARN_UNUSED_VARIABLE = YES;
				IPHONEOS_DEPLOYMENT_TARGET = 10.3;
				MTL_ENABLE_DEBUG_INFO = YES;
				ONLY_ACTIVE_ARCH = YES;
				SDKROOT = iphoneos;
				SWIFT_ACTIVE_COMPILATION_CONDITIONS = DEBUG;
				SWIFT_OPTIMIZATION_LEVEL = "-Onone";
				TARGETED_DEVICE_FAMILY = "1,2";
			};
			name = Debug;
		};
		11EAA9AF1F625E5900D6FBDC /* Release */ = {
			isa = XCBuildConfiguration;
			buildSettings = {
				ALWAYS_SEARCH_USER_PATHS = NO;
				CLANG_ANALYZER_NONNULL = YES;
				CLANG_ANALYZER_NUMBER_OBJECT_CONVERSION = YES_AGGRESSIVE;
				CLANG_CXX_LANGUAGE_STANDARD = "gnu++0x";
				CLANG_CXX_LIBRARY = "libc++";
				CLANG_ENABLE_MODULES = YES;
				CLANG_ENABLE_OBJC_ARC = YES;
				CLANG_WARN_BOOL_CONVERSION = YES;
				CLANG_WARN_CONSTANT_CONVERSION = YES;
				CLANG_WARN_DIRECT_OBJC_ISA_USAGE = YES_ERROR;
				CLANG_WARN_DOCUMENTATION_COMMENTS = YES;
				CLANG_WARN_EMPTY_BODY = YES;
				CLANG_WARN_ENUM_CONVERSION = YES;
				CLANG_WARN_INFINITE_RECURSION = YES;
				CLANG_WARN_INT_CONVERSION = YES;
				CLANG_WARN_OBJC_ROOT_CLASS = YES_ERROR;
				CLANG_WARN_SUSPICIOUS_MOVE = YES;
				CLANG_WARN_UNREACHABLE_CODE = YES;
				CLANG_WARN__DUPLICATE_METHOD_MATCH = YES;
				"CODE_SIGN_IDENTITY[sdk=iphoneos*]" = "iPhone Developer";
				COPY_PHASE_STRIP = NO;
				DEBUG_INFORMATION_FORMAT = "dwarf-with-dsym";
				ENABLE_NS_ASSERTIONS = NO;
				ENABLE_STRICT_OBJC_MSGSEND = YES;
				GCC_C_LANGUAGE_STANDARD = gnu99;
				GCC_NO_COMMON_BLOCKS = YES;
				GCC_WARN_64_TO_32_BIT_CONVERSION = YES;
				GCC_WARN_ABOUT_RETURN_TYPE = YES_ERROR;
				GCC_WARN_UNDECLARED_SELECTOR = YES;
				GCC_WARN_UNINITIALIZED_AUTOS = YES_AGGRESSIVE;
				GCC_WARN_UNUSED_FUNCTION = YES;
				GCC_WARN_UNUSED_VARIABLE = YES;
				IPHONEOS_DEPLOYMENT_TARGET = 10.3;
				MTL_ENABLE_DEBUG_INFO = NO;
				SDKROOT = iphoneos;
				SWIFT_OPTIMIZATION_LEVEL = "-Owholemodule";
				TARGETED_DEVICE_FAMILY = "1,2";
				VALIDATE_PRODUCT = YES;
			};
			name = Release;
		};
		11EAA9B11F625E5900D6FBDC /* Debug */ = {
			isa = XCBuildConfiguration;
			buildSettings = {
				ASSETCATALOG_COMPILER_APPICON_NAME = AppIcon;
				INFOPLIST_FILE = Extentions/Info.plist;
				LD_RUNPATH_SEARCH_PATHS = "$(inherited) @executable_path/Frameworks";
				PRODUCT_BUNDLE_IDENTIFIER = com.Pantlia.Extentions;
				PRODUCT_NAME = "$(TARGET_NAME)";
				SWIFT_VERSION = 3.0;
			};
			name = Debug;
		};
		11EAA9B21F625E5900D6FBDC /* Release */ = {
			isa = XCBuildConfiguration;
			buildSettings = {
				ASSETCATALOG_COMPILER_APPICON_NAME = AppIcon;
				INFOPLIST_FILE = Extentions/Info.plist;
				LD_RUNPATH_SEARCH_PATHS = "$(inherited) @executable_path/Frameworks";
				PRODUCT_BUNDLE_IDENTIFIER = com.Pantlia.Extentions;
				PRODUCT_NAME = "$(TARGET_NAME)";
				SWIFT_VERSION = 3.0;
			};
			name = Release;
		};
/* End XCBuildConfiguration section */

/* Begin XCConfigurationList section */
		11EAA9991F625E5900D6FBDC /* Build configuration list for PBXProject "Extentions" */ = {
			isa = XCConfigurationList;
			buildConfigurations = (
				11EAA9AE1F625E5900D6FBDC /* Debug */,
				11EAA9AF1F625E5900D6FBDC /* Release */,
			);
			defaultConfigurationIsVisible = 0;
			defaultConfigurationName = Release;
		};
		11EAA9B01F625E5900D6FBDC /* Build configuration list for PBXNativeTarget "Extentions" */ = {
			isa = XCConfigurationList;
			buildConfigurations = (
				11EAA9B11F625E5900D6FBDC /* Debug */,
				11EAA9B21F625E5900D6FBDC /* Release */,
			);
			defaultConfigurationIsVisible = 0;
			defaultConfigurationName = Release;
		};
/* End XCConfigurationList section */
	};
	rootObject = 11EAA9961F625E5900D6FBDC /* Project object */;
}
