// !$*UTF8*$!
{
	archiveVersion = 1;
	classes = {
	};
	objectVersion = 50;
	objects = {

/* Begin PBXBuildFile section */
		457A3EB924EFF51B006EE6D9 /* AppDelegate.swift in Sources */ = {isa = PBXBuildFile; fileRef = 457A3EB824EFF51B006EE6D9 /* AppDelegate.swift */; };
		457A3EBB24EFF51B006EE6D9 /* SceneDelegate.swift in Sources */ = {isa = PBXBuildFile; fileRef = 457A3EBA24EFF51B006EE6D9 /* SceneDelegate.swift */; };
		457A3EBD24EFF51B006EE6D9 /* ViewController.swift in Sources */ = {isa = PBXBuildFile; fileRef = 457A3EBC24EFF51B006EE6D9 /* ViewController.swift */; };
		457A3EC024EFF51B006EE6D9 /* Main.storyboard in Resources */ = {isa = PBXBuildFile; fileRef = 457A3EBE24EFF51B006EE6D9 /* Main.storyboard */; };
		457A3EC224EFF51C006EE6D9 /* Assets.xcassets in Resources */ = {isa = PBXBuildFile; fileRef = 457A3EC124EFF51C006EE6D9 /* Assets.xcassets */; };
		457A3EC524EFF51C006EE6D9 /* LaunchScreen.storyboard in Resources */ = {isa = PBXBuildFile; fileRef = 457A3EC324EFF51C006EE6D9 /* LaunchScreen.storyboard */; };
		457A3ECD24EFF5A1006EE6D9 /* LeoPopOver.swift in Sources */ = {isa = PBXBuildFile; fileRef = 457A3ECC24EFF5A1006EE6D9 /* LeoPopOver.swift */; };
		457A3ECF24EFF5F7006EE6D9 /* V2ViewController.swift in Sources */ = {isa = PBXBuildFile; fileRef = 457A3ECE24EFF5F7006EE6D9 /* V2ViewController.swift */; };
/* End PBXBuildFile section */

/* Begin PBXFileReference section */
		457A3EB524EFF51B006EE6D9 /* LeoPopOver.app */ = {isa = PBXFileReference; explicitFileType = wrapper.application; includeInIndex = 0; path = LeoPopOver.app; sourceTree = BUILT_PRODUCTS_DIR; };
		457A3EB824EFF51B006EE6D9 /* AppDelegate.swift */ = {isa = PBXFileReference; lastKnownFileType = sourcecode.swift; path = AppDelegate.swift; sourceTree = "<group>"; };
		457A3EBA24EFF51B006EE6D9 /* SceneDelegate.swift */ = {isa = PBXFileReference; lastKnownFileType = sourcecode.swift; path = SceneDelegate.swift; sourceTree = "<group>"; };
		457A3EBC24EFF51B006EE6D9 /* ViewController.swift */ = {isa = PBXFileReference; lastKnownFileType = sourcecode.swift; path = ViewController.swift; sourceTree = "<group>"; };
		457A3EBF24EFF51B006EE6D9 /* Base */ = {isa = PBXFileReference; lastKnownFileType = file.storyboard; name = Base; path = Base.lproj/Main.storyboard; sourceTree = "<group>"; };
		457A3EC124EFF51C006EE6D9 /* Assets.xcassets */ = {isa = PBXFileReference; lastKnownFileType = folder.assetcatalog; path = Assets.xcassets; sourceTree = "<group>"; };
		457A3EC424EFF51C006EE6D9 /* Base */ = {isa = PBXFileReference; lastKnownFileType = file.storyboard; name = Base; path = Base.lproj/LaunchScreen.storyboard; sourceTree = "<group>"; };
		457A3EC624EFF51C006EE6D9 /* Info.plist */ = {isa = PBXFileReference; lastKnownFileType = text.plist.xml; path = Info.plist; sourceTree = "<group>"; };
		457A3ECC24EFF5A1006EE6D9 /* LeoPopOver.swift */ = {isa = PBXFileReference; lastKnownFileType = sourcecode.swift; path = LeoPopOver.swift; sourceTree = "<group>"; };
		457A3ECE24EFF5F7006EE6D9 /* V2ViewController.swift */ = {isa = PBXFileReference; lastKnownFileType = sourcecode.swift; path = V2ViewController.swift; sourceTree = "<group>"; };
/* End PBXFileReference section */

/* Begin PBXFrameworksBuildPhase section */
		457A3EB224EFF51B006EE6D9 /* Frameworks */ = {
			isa = PBXFrameworksBuildPhase;
			buildActionMask = 2147483647;
			files = (
			);
			runOnlyForDeploymentPostprocessing = 0;
		};
/* End PBXFrameworksBuildPhase section */

/* Begin PBXGroup section */
		457A3EAC24EFF51B006EE6D9 = {
			isa = PBXGroup;
			children = (
				457A3EB724EFF51B006EE6D9 /* LeoPopOver */,
				457A3EB624EFF51B006EE6D9 /* Products */,
			);
			sourceTree = "<group>";
		};
		457A3EB624EFF51B006EE6D9 /* Products */ = {
			isa = PBXGroup;
			children = (
				457A3EB524EFF51B006EE6D9 /* LeoPopOver.app */,
			);
			name = Products;
			sourceTree = "<group>";
		};
		457A3EB724EFF51B006EE6D9 /* LeoPopOver */ = {
			isa = PBXGroup;
			children = (
				457A3EB824EFF51B006EE6D9 /* AppDelegate.swift */,
				457A3EBA24EFF51B006EE6D9 /* SceneDelegate.swift */,
				457A3EBC24EFF51B006EE6D9 /* ViewController.swift */,
				457A3ECE24EFF5F7006EE6D9 /* V2ViewController.swift */,
				457A3ECC24EFF5A1006EE6D9 /* LeoPopOver.swift */,
				457A3EBE24EFF51B006EE6D9 /* Main.storyboard */,
				457A3EC124EFF51C006EE6D9 /* Assets.xcassets */,
				457A3EC324EFF51C006EE6D9 /* LaunchScreen.storyboard */,
				457A3EC624EFF51C006EE6D9 /* Info.plist */,
			);
			path = LeoPopOver;
			sourceTree = "<group>";
		};
/* End PBXGroup section */

/* Begin PBXNativeTarget section */
		457A3EB424EFF51B006EE6D9 /* LeoPopOver */ = {
			isa = PBXNativeTarget;
			buildConfigurationList = 457A3EC924EFF51C006EE6D9 /* Build configuration list for PBXNativeTarget "LeoPopOver" */;
			buildPhases = (
				457A3EB124EFF51B006EE6D9 /* Sources */,
				457A3EB224EFF51B006EE6D9 /* Frameworks */,
				457A3EB324EFF51B006EE6D9 /* Resources */,
			);
			buildRules = (
			);
			dependencies = (
			);
			name = LeoPopOver;
			productName = LeoPopOver;
			productReference = 457A3EB524EFF51B006EE6D9 /* LeoPopOver.app */;
			productType = "com.apple.product-type.application";
		};
/* End PBXNativeTarget section */

/* Begin PBXProject section */
		457A3EAD24EFF51B006EE6D9 /* Project object */ = {
			isa = PBXProject;
			attributes = {
				LastSwiftUpdateCheck = 1160;
				LastUpgradeCheck = 1160;
				ORGANIZATIONNAME = "Vijayvir Singh";
				TargetAttributes = {
					457A3EB424EFF51B006EE6D9 = {
						CreatedOnToolsVersion = 11.6;
					};
				};
			};
			buildConfigurationList = 457A3EB024EFF51B006EE6D9 /* Build configuration list for PBXProject "LeoPopOver" */;
			compatibilityVersion = "Xcode 9.3";
			developmentRegion = en;
			hasScannedForEncodings = 0;
			knownRegions = (
				en,
				Base,
			);
			mainGroup = 457A3EAC24EFF51B006EE6D9;
			productRefGroup = 457A3EB624EFF51B006EE6D9 /* Products */;
			projectDirPath = "";
			projectRoot = "";
			targets = (
				457A3EB424EFF51B006EE6D9 /* LeoPopOver */,
			);
		};
/* End PBXProject section */

/* Begin PBXResourcesBuildPhase section */
		457A3EB324EFF51B006EE6D9 /* Resources */ = {
			isa = PBXResourcesBuildPhase;
			buildActionMask = 2147483647;
			files = (
				457A3EC524EFF51C006EE6D9 /* LaunchScreen.storyboard in Resources */,
				457A3EC224EFF51C006EE6D9 /* Assets.xcassets in Resources */,
				457A3EC024EFF51B006EE6D9 /* Main.storyboard in Resources */,
			);
			runOnlyForDeploymentPostprocessing = 0;
		};
/* End PBXResourcesBuildPhase section */

/* Begin PBXSourcesBuildPhase section */
		457A3EB124EFF51B006EE6D9 /* Sources */ = {
			isa = PBXSourcesBuildPhase;
			buildActionMask = 2147483647;
			files = (
				457A3EBD24EFF51B006EE6D9 /* ViewController.swift in Sources */,
				457A3EB924EFF51B006EE6D9 /* AppDelegate.swift in Sources */,
				457A3ECD24EFF5A1006EE6D9 /* LeoPopOver.swift in Sources */,
				457A3EBB24EFF51B006EE6D9 /* SceneDelegate.swift in Sources */,
				457A3ECF24EFF5F7006EE6D9 /* V2ViewController.swift in Sources */,
			);
			runOnlyForDeploymentPostprocessing = 0;
		};
/* End PBXSourcesBuildPhase section */

/* Begin PBXVariantGroup section */
		457A3EBE24EFF51B006EE6D9 /* Main.storyboard */ = {
			isa = PBXVariantGroup;
			children = (
				457A3EBF24EFF51B006EE6D9 /* Base */,
			);
			name = Main.storyboard;
			sourceTree = "<group>";
		};
		457A3EC324EFF51C006EE6D9 /* LaunchScreen.storyboard */ = {
			isa = PBXVariantGroup;
			children = (
				457A3EC424EFF51C006EE6D9 /* Base */,
			);
			name = LaunchScreen.storyboard;
			sourceTree = "<group>";
		};
/* End PBXVariantGroup section */

/* Begin XCBuildConfiguration section */
		457A3EC724EFF51C006EE6D9 /* Debug */ = {
			isa = XCBuildConfiguration;
			buildSettings = {
				ALWAYS_SEARCH_USER_PATHS = NO;
				CLANG_ANALYZER_NONNULL = YES;
				CLANG_ANALYZER_NUMBER_OBJECT_CONVERSION = YES_AGGRESSIVE;
				CLANG_CXX_LANGUAGE_STANDARD = "gnu++14";
				CLANG_CXX_LIBRARY = "libc++";
				CLANG_ENABLE_MODULES = YES;
				CLANG_ENABLE_OBJC_ARC = YES;
				CLANG_ENABLE_OBJC_WEAK = YES;
				CLANG_WARN_BLOCK_CAPTURE_AUTORELEASING = YES;
				CLANG_WARN_BOOL_CONVERSION = YES;
				CLANG_WARN_COMMA = YES;
				CLANG_WARN_CONSTANT_CONVERSION = YES;
				CLANG_WARN_DEPRECATED_OBJC_IMPLEMENTATIONS = YES;
				CLANG_WARN_DIRECT_OBJC_ISA_USAGE = YES_ERROR;
				CLANG_WARN_DOCUMENTATION_COMMENTS = YES;
				CLANG_WARN_EMPTY_BODY = YES;
				CLANG_WARN_ENUM_CONVERSION = YES;
				CLANG_WARN_INFINITE_RECURSION = YES;
				CLANG_WARN_INT_CONVERSION = YES;
				CLANG_WARN_NON_LITERAL_NULL_CONVERSION = YES;
				CLANG_WARN_OBJC_IMPLICIT_RETAIN_SELF = YES;
				CLANG_WARN_OBJC_LITERAL_CONVERSION = YES;
				CLANG_WARN_OBJC_ROOT_CLASS = YES_ERROR;
				CLANG_WARN_RANGE_LOOP_ANALYSIS = YES;
				CLANG_WARN_STRICT_PROTOTYPES = YES;
				CLANG_WARN_SUSPICIOUS_MOVE = YES;
				CLANG_WARN_UNGUARDED_AVAILABILITY = YES_AGGRESSIVE;
				CLANG_WARN_UNREACHABLE_CODE = YES;
				CLANG_WARN__DUPLICATE_METHOD_MATCH = YES;
				COPY_PHASE_STRIP = NO;
				DEBUG_INFORMATION_FORMAT = dwarf;
				ENABLE_STRICT_OBJC_MSGSEND = YES;
				ENABLE_TESTABILITY = YES;
				GCC_C_LANGUAGE_STANDARD = gnu11;
				GCC_DYNAMIC_NO_PIC = NO;
				GCC_NO_COMMON_BLOCKS = YES;
				GCC_OPTIMIZATION_LEVEL = 0;
				GCC_PREPROCESSOR_DEFINITIONS = (
					"DEBUG=1",
					"$(inherited)",
				);
				GCC_WARN_64_TO_32_BIT_CONVERSION = YES;
				GCC_WARN_ABOUT_RETURN_TYPE = YES_ERROR;
				GCC_WARN_UNDECLARED_SELECTOR = YES;
				GCC_WARN_UNINITIALIZED_AUTOS = YES_AGGRESSIVE;
				GCC_WARN_UNUSED_FUNCTION = YES;
				GCC_WARN_UNUSED_VARIABLE = YES;
				IPHONEOS_DEPLOYMENT_TARGET = 13.6;
				MTL_ENABLE_DEBUG_INFO = INCLUDE_SOURCE;
				MTL_FAST_MATH = YES;
				ONLY_ACTIVE_ARCH = YES;
				SDKROOT = iphoneos;
				SWIFT_ACTIVE_COMPILATION_CONDITIONS = DEBUG;
				SWIFT_OPTIMIZATION_LEVEL = "-Onone";
			};
			name = Debug;
		};
		457A3EC824EFF51C006EE6D9 /* Release */ = {
			isa = XCBuildConfiguration;
			buildSettings = {
				ALWAYS_SEARCH_USER_PATHS = NO;
				CLANG_ANALYZER_NONNULL = YES;
				CLANG_ANALYZER_NUMBER_OBJECT_CONVERSION = YES_AGGRESSIVE;
				CLANG_CXX_LANGUAGE_STANDARD = "gnu++14";
				CLANG_CXX_LIBRARY = "libc++";
				CLANG_ENABLE_MODULES = YES;
				CLANG_ENABLE_OBJC_ARC = YES;
				CLANG_ENABLE_OBJC_WEAK = YES;
				CLANG_WARN_BLOCK_CAPTURE_AUTORELEASING = YES;
				CLANG_WARN_BOOL_CONVERSION = YES;
				CLANG_WARN_COMMA = YES;
				CLANG_WARN_CONSTANT_CONVERSION = YES;
				CLANG_WARN_DEPRECATED_OBJC_IMPLEMENTATIONS = YES;
				CLANG_WARN_DIRECT_OBJC_ISA_USAGE = YES_ERROR;
				CLANG_WARN_DOCUMENTATION_COMMENTS = YES;
				CLANG_WARN_EMPTY_BODY = YES;
				CLANG_WARN_ENUM_CONVERSION = YES;
				CLANG_WARN_INFINITE_RECURSION = YES;
				CLANG_WARN_INT_CONVERSION = YES;
				CLANG_WARN_NON_LITERAL_NULL_CONVERSION = YES;
				CLANG_WARN_OBJC_IMPLICIT_RETAIN_SELF = YES;
				CLANG_WARN_OBJC_LITERAL_CONVERSION = YES;
				CLANG_WARN_OBJC_ROOT_CLASS = YES_ERROR;
				CLANG_WARN_RANGE_LOOP_ANALYSIS = YES;
				CLANG_WARN_STRICT_PROTOTYPES = YES;
				CLANG_WARN_SUSPICIOUS_MOVE = YES;
				CLANG_WARN_UNGUARDED_AVAILABILITY = YES_AGGRESSIVE;
				CLANG_WARN_UNREACHABLE_CODE = YES;
				CLANG_WARN__DUPLICATE_METHOD_MATCH = YES;
				COPY_PHASE_STRIP = NO;
				DEBUG_INFORMATION_FORMAT = "dwarf-with-dsym";
				ENABLE_NS_ASSERTIONS = NO;
				ENABLE_STRICT_OBJC_MSGSEND = YES;
				GCC_C_LANGUAGE_STANDARD = gnu11;
				GCC_NO_COMMON_BLOCKS = YES;
				GCC_WARN_64_TO_32_BIT_CONVERSION = YES;
				GCC_WARN_ABOUT_RETURN_TYPE = YES_ERROR;
				GCC_WARN_UNDECLARED_SELECTOR = YES;
				GCC_WARN_UNINITIALIZED_AUTOS = YES_AGGRESSIVE;
				GCC_WARN_UNUSED_FUNCTION = YES;
				GCC_WARN_UNUSED_VARIABLE = YES;
				IPHONEOS_DEPLOYMENT_TARGET = 13.6;
				MTL_ENABLE_DEBUG_INFO = NO;
				MTL_FAST_MATH = YES;
				SDKROOT = iphoneos;
				SWIFT_COMPILATION_MODE = wholemodule;
				SWIFT_OPTIMIZATION_LEVEL = "-O";
				VALIDATE_PRODUCT = YES;
			};
			name = Release;
		};
		457A3ECA24EFF51C006EE6D9 /* Debug */ = {
			isa = XCBuildConfiguration;
			buildSettings = {
				ASSETCATALOG_COMPILER_APPICON_NAME = AppIcon;
				CODE_SIGN_STYLE = Automatic;
				INFOPLIST_FILE = LeoPopOver/Info.plist;
				LD_RUNPATH_SEARCH_PATHS = (
					"$(inherited)",
					"@executable_path/Frameworks",
				);
				PRODUCT_BUNDLE_IDENTIFIER = com.efuel.first.LeoPopOver;
				PRODUCT_NAME = "$(TARGET_NAME)";
				SWIFT_VERSION = 5.0;
				TARGETED_DEVICE_FAMILY = "1,2";
			};
			name = Debug;
		};
		457A3ECB24EFF51C006EE6D9 /* Release */ = {
			isa = XCBuildConfiguration;
			buildSettings = {
				ASSETCATALOG_COMPILER_APPICON_NAME = AppIcon;
				CODE_SIGN_STYLE = Automatic;
				INFOPLIST_FILE = LeoPopOver/Info.plist;
				LD_RUNPATH_SEARCH_PATHS = (
					"$(inherited)",
					"@executable_path/Frameworks",
				);
				PRODUCT_BUNDLE_IDENTIFIER = com.efuel.first.LeoPopOver;
				PRODUCT_NAME = "$(TARGET_NAME)";
				SWIFT_VERSION = 5.0;
				TARGETED_DEVICE_FAMILY = "1,2";
			};
			name = Release;
		};
/* End XCBuildConfiguration section */

/* Begin XCConfigurationList section */
		457A3EB024EFF51B006EE6D9 /* Build configuration list for PBXProject "LeoPopOver" */ = {
			isa = XCConfigurationList;
			buildConfigurations = (
				457A3EC724EFF51C006EE6D9 /* Debug */,
				457A3EC824EFF51C006EE6D9 /* Release */,
			);
			defaultConfigurationIsVisible = 0;
			defaultConfigurationName = Release;
		};
		457A3EC924EFF51C006EE6D9 /* Build configuration list for PBXNativeTarget "LeoPopOver" */ = {
			isa = XCConfigurationList;
			buildConfigurations = (
				457A3ECA24EFF51C006EE6D9 /* Debug */,
				457A3ECB24EFF51C006EE6D9 /* Release */,
			);
			defaultConfigurationIsVisible = 0;
			defaultConfigurationName = Release;
		};
/* End XCConfigurationList section */
	};
	rootObject = 457A3EAD24EFF51B006EE6D9 /* Project object */;
}
