// !$*UTF8*$!
{
	archiveVersion = 1;
	classes = {
	};
	objectVersion = 50;
	objects = {

/* Begin PBXBuildFile section */
		18399DB222F0119A00F6453D /* LeoPhotoLibrary.swift in Sources */ = {isa = PBXBuildFile; fileRef = 18399DB122F0119A00F6453D /* LeoPhotoLibrary.swift */; };
		FA1CEB4122EAD3DB007F6D9F /* AppDelegate.swift in Sources */ = {isa = PBXBuildFile; fileRef = FA1CEB4022EAD3DB007F6D9F /* AppDelegate.swift */; };
		FA1CEB4622EAD3DB007F6D9F /* Main.storyboard in Resources */ = {isa = PBXBuildFile; fileRef = FA1CEB4422EAD3DB007F6D9F /* Main.storyboard */; };
		FA1CEB4822EAD3DD007F6D9F /* Assets.xcassets in Resources */ = {isa = PBXBuildFile; fileRef = FA1CEB4722EAD3DD007F6D9F /* Assets.xcassets */; };
		FA1CEB4B22EAD3DD007F6D9F /* LaunchScreen.storyboard in Resources */ = {isa = PBXBuildFile; fileRef = FA1CEB4922EAD3DD007F6D9F /* LaunchScreen.storyboard */; };
		FA1CEB5922EEF97B007F6D9F /* OpenGalleryViewController.swift in Sources */ = {isa = PBXBuildFile; fileRef = FA1CEB5822EEF97B007F6D9F /* OpenGalleryViewController.swift */; };
/* End PBXBuildFile section */

/* Begin PBXFileReference section */
		18399DB122F0119A00F6453D /* LeoPhotoLibrary.swift */ = {isa = PBXFileReference; fileEncoding = 4; lastKnownFileType = sourcecode.swift; path = LeoPhotoLibrary.swift; sourceTree = "<group>"; };
		FA1CEB3D22EAD3DB007F6D9F /* multipleImagePickerVC.app */ = {isa = PBXFileReference; explicitFileType = wrapper.application; includeInIndex = 0; path = multipleImagePickerVC.app; sourceTree = BUILT_PRODUCTS_DIR; };
		FA1CEB4022EAD3DB007F6D9F /* AppDelegate.swift */ = {isa = PBXFileReference; lastKnownFileType = sourcecode.swift; path = AppDelegate.swift; sourceTree = "<group>"; };
		FA1CEB4522EAD3DB007F6D9F /* Base */ = {isa = PBXFileReference; lastKnownFileType = file.storyboard; name = Base; path = Base.lproj/Main.storyboard; sourceTree = "<group>"; };
		FA1CEB4722EAD3DD007F6D9F /* Assets.xcassets */ = {isa = PBXFileReference; lastKnownFileType = folder.assetcatalog; path = Assets.xcassets; sourceTree = "<group>"; };
		FA1CEB4A22EAD3DD007F6D9F /* Base */ = {isa = PBXFileReference; lastKnownFileType = file.storyboard; name = Base; path = Base.lproj/LaunchScreen.storyboard; sourceTree = "<group>"; };
		FA1CEB4C22EAD3DD007F6D9F /* Info.plist */ = {isa = PBXFileReference; lastKnownFileType = text.plist.xml; path = Info.plist; sourceTree = "<group>"; };
		FA1CEB5822EEF97B007F6D9F /* OpenGalleryViewController.swift */ = {isa = PBXFileReference; lastKnownFileType = sourcecode.swift; path = OpenGalleryViewController.swift; sourceTree = "<group>"; };
/* End PBXFileReference section */

/* Begin PBXFrameworksBuildPhase section */
		FA1CEB3A22EAD3DB007F6D9F /* Frameworks */ = {
			isa = PBXFrameworksBuildPhase;
			buildActionMask = 2147483647;
			files = (
			);
			runOnlyForDeploymentPostprocessing = 0;
		};
/* End PBXFrameworksBuildPhase section */

/* Begin PBXGroup section */
		CD7F476891D2C91EB4FC2C4C /* Pods */ = {
			isa = PBXGroup;
			children = (
			);
			path = Pods;
			sourceTree = "<group>";
		};
		FA1CEB3422EAD3DB007F6D9F = {
			isa = PBXGroup;
			children = (
				FA1CEB3F22EAD3DB007F6D9F /* multipleImagePickerVC */,
				FA1CEB3E22EAD3DB007F6D9F /* Products */,
				CD7F476891D2C91EB4FC2C4C /* Pods */,
			);
			sourceTree = "<group>";
		};
		FA1CEB3E22EAD3DB007F6D9F /* Products */ = {
			isa = PBXGroup;
			children = (
				FA1CEB3D22EAD3DB007F6D9F /* multipleImagePickerVC.app */,
			);
			name = Products;
			sourceTree = "<group>";
		};
		FA1CEB3F22EAD3DB007F6D9F /* multipleImagePickerVC */ = {
			isa = PBXGroup;
			children = (
				FA1CEB4022EAD3DB007F6D9F /* AppDelegate.swift */,
				FA1CEB5822EEF97B007F6D9F /* OpenGalleryViewController.swift */,
				18399DB122F0119A00F6453D /* LeoPhotoLibrary.swift */,
				FA1CEB4422EAD3DB007F6D9F /* Main.storyboard */,
				FA1CEB4722EAD3DD007F6D9F /* Assets.xcassets */,
				FA1CEB4922EAD3DD007F6D9F /* LaunchScreen.storyboard */,
				FA1CEB4C22EAD3DD007F6D9F /* Info.plist */,
			);
			path = multipleImagePickerVC;
			sourceTree = "<group>";
		};
/* End PBXGroup section */

/* Begin PBXNativeTarget section */
		FA1CEB3C22EAD3DB007F6D9F /* multipleImagePickerVC */ = {
			isa = PBXNativeTarget;
			buildConfigurationList = FA1CEB4F22EAD3DD007F6D9F /* Build configuration list for PBXNativeTarget "multipleImagePickerVC" */;
			buildPhases = (
				FA1CEB3922EAD3DB007F6D9F /* Sources */,
				FA1CEB3A22EAD3DB007F6D9F /* Frameworks */,
				FA1CEB3B22EAD3DB007F6D9F /* Resources */,
			);
			buildRules = (
			);
			dependencies = (
			);
			name = multipleImagePickerVC;
			productName = multipleImagePickerVC;
			productReference = FA1CEB3D22EAD3DB007F6D9F /* multipleImagePickerVC.app */;
			productType = "com.apple.product-type.application";
		};
/* End PBXNativeTarget section */

/* Begin PBXProject section */
		FA1CEB3522EAD3DB007F6D9F /* Project object */ = {
			isa = PBXProject;
			attributes = {
				LastSwiftUpdateCheck = 1020;
				LastUpgradeCheck = 1020;
				ORGANIZATIONNAME = Apple;
				TargetAttributes = {
					FA1CEB3C22EAD3DB007F6D9F = {
						CreatedOnToolsVersion = 10.2.1;
					};
				};
			};
			buildConfigurationList = FA1CEB3822EAD3DB007F6D9F /* Build configuration list for PBXProject "multipleImagePickerVC" */;
			compatibilityVersion = "Xcode 9.3";
			developmentRegion = en;
			hasScannedForEncodings = 0;
			knownRegions = (
				en,
				Base,
			);
			mainGroup = FA1CEB3422EAD3DB007F6D9F;
			productRefGroup = FA1CEB3E22EAD3DB007F6D9F /* Products */;
			projectDirPath = "";
			projectRoot = "";
			targets = (
				FA1CEB3C22EAD3DB007F6D9F /* multipleImagePickerVC */,
			);
		};
/* End PBXProject section */

/* Begin PBXResourcesBuildPhase section */
		FA1CEB3B22EAD3DB007F6D9F /* Resources */ = {
			isa = PBXResourcesBuildPhase;
			buildActionMask = 2147483647;
			files = (
				FA1CEB4B22EAD3DD007F6D9F /* LaunchScreen.storyboard in Resources */,
				FA1CEB4822EAD3DD007F6D9F /* Assets.xcassets in Resources */,
				FA1CEB4622EAD3DB007F6D9F /* Main.storyboard in Resources */,
			);
			runOnlyForDeploymentPostprocessing = 0;
		};
/* End PBXResourcesBuildPhase section */

/* Begin PBXSourcesBuildPhase section */
		FA1CEB3922EAD3DB007F6D9F /* Sources */ = {
			isa = PBXSourcesBuildPhase;
			buildActionMask = 2147483647;
			files = (
				FA1CEB5922EEF97B007F6D9F /* OpenGalleryViewController.swift in Sources */,
				FA1CEB4122EAD3DB007F6D9F /* AppDelegate.swift in Sources */,
				18399DB222F0119A00F6453D /* LeoPhotoLibrary.swift in Sources */,
			);
			runOnlyForDeploymentPostprocessing = 0;
		};
/* End PBXSourcesBuildPhase section */

/* Begin PBXVariantGroup section */
		FA1CEB4422EAD3DB007F6D9F /* Main.storyboard */ = {
			isa = PBXVariantGroup;
			children = (
				FA1CEB4522EAD3DB007F6D9F /* Base */,
			);
			name = Main.storyboard;
			sourceTree = "<group>";
		};
		FA1CEB4922EAD3DD007F6D9F /* LaunchScreen.storyboard */ = {
			isa = PBXVariantGroup;
			children = (
				FA1CEB4A22EAD3DD007F6D9F /* Base */,
			);
			name = LaunchScreen.storyboard;
			sourceTree = "<group>";
		};
/* End PBXVariantGroup section */

/* Begin XCBuildConfiguration section */
		FA1CEB4D22EAD3DD007F6D9F /* Debug */ = {
			isa = XCBuildConfiguration;
			buildSettings = {
				ALWAYS_SEARCH_USER_PATHS = NO;
				CLANG_ANALYZER_NONNULL = YES;
				CLANG_ANALYZER_NUMBER_OBJECT_CONVERSION = YES_AGGRESSIVE;
				CLANG_CXX_LANGUAGE_STANDARD = "gnu++14";
				CLANG_CXX_LIBRARY = "libc++";
				CLANG_ENABLE_MODULES = YES;
				CLANG_ENABLE_OBJC_ARC = YES;
				CLANG_ENABLE_OBJC_WEAK = YES;
				CLANG_WARN_BLOCK_CAPTURE_AUTORELEASING = YES;
				CLANG_WARN_BOOL_CONVERSION = YES;
				CLANG_WARN_COMMA = YES;
				CLANG_WARN_CONSTANT_CONVERSION = YES;
				CLANG_WARN_DEPRECATED_OBJC_IMPLEMENTATIONS = YES;
				CLANG_WARN_DIRECT_OBJC_ISA_USAGE = YES_ERROR;
				CLANG_WARN_DOCUMENTATION_COMMENTS = YES;
				CLANG_WARN_EMPTY_BODY = YES;
				CLANG_WARN_ENUM_CONVERSION = YES;
				CLANG_WARN_INFINITE_RECURSION = YES;
				CLANG_WARN_INT_CONVERSION = YES;
				CLANG_WARN_NON_LITERAL_NULL_CONVERSION = YES;
				CLANG_WARN_OBJC_IMPLICIT_RETAIN_SELF = YES;
				CLANG_WARN_OBJC_LITERAL_CONVERSION = YES;
				CLANG_WARN_OBJC_ROOT_CLASS = YES_ERROR;
				CLANG_WARN_RANGE_LOOP_ANALYSIS = YES;
				CLANG_WARN_STRICT_PROTOTYPES = YES;
				CLANG_WARN_SUSPICIOUS_MOVE = YES;
				CLANG_WARN_UNGUARDED_AVAILABILITY = YES_AGGRESSIVE;
				CLANG_WARN_UNREACHABLE_CODE = YES;
				CLANG_WARN__DUPLICATE_METHOD_MATCH = YES;
				CODE_SIGN_IDENTITY = "iPhone Developer";
				COPY_PHASE_STRIP = NO;
				DEBUG_INFORMATION_FORMAT = dwarf;
				ENABLE_STRICT_OBJC_MSGSEND = YES;
				ENABLE_TESTABILITY = YES;
				GCC_C_LANGUAGE_STANDARD = gnu11;
				GCC_DYNAMIC_NO_PIC = NO;
				GCC_NO_COMMON_BLOCKS = YES;
				GCC_OPTIMIZATION_LEVEL = 0;
				GCC_PREPROCESSOR_DEFINITIONS = (
					"DEBUG=1",
					"$(inherited)",
				);
				GCC_WARN_64_TO_32_BIT_CONVERSION = YES;
				GCC_WARN_ABOUT_RETURN_TYPE = YES_ERROR;
				GCC_WARN_UNDECLARED_SELECTOR = YES;
				GCC_WARN_UNINITIALIZED_AUTOS = YES_AGGRESSIVE;
				GCC_WARN_UNUSED_FUNCTION = YES;
				GCC_WARN_UNUSED_VARIABLE = YES;
				IPHONEOS_DEPLOYMENT_TARGET = 12.2;
				MTL_ENABLE_DEBUG_INFO = INCLUDE_SOURCE;
				MTL_FAST_MATH = YES;
				ONLY_ACTIVE_ARCH = YES;
				SDKROOT = iphoneos;
				SWIFT_ACTIVE_COMPILATION_CONDITIONS = DEBUG;
				SWIFT_OPTIMIZATION_LEVEL = "-Onone";
			};
			name = Debug;
		};
		FA1CEB4E22EAD3DD007F6D9F /* Release */ = {
			isa = XCBuildConfiguration;
			buildSettings = {
				ALWAYS_SEARCH_USER_PATHS = NO;
				CLANG_ANALYZER_NONNULL = YES;
				CLANG_ANALYZER_NUMBER_OBJECT_CONVERSION = YES_AGGRESSIVE;
				CLANG_CXX_LANGUAGE_STANDARD = "gnu++14";
				CLANG_CXX_LIBRARY = "libc++";
				CLANG_ENABLE_MODULES = YES;
				CLANG_ENABLE_OBJC_ARC = YES;
				CLANG_ENABLE_OBJC_WEAK = YES;
				CLANG_WARN_BLOCK_CAPTURE_AUTORELEASING = YES;
				CLANG_WARN_BOOL_CONVERSION = YES;
				CLANG_WARN_COMMA = YES;
				CLANG_WARN_CONSTANT_CONVERSION = YES;
				CLANG_WARN_DEPRECATED_OBJC_IMPLEMENTATIONS = YES;
				CLANG_WARN_DIRECT_OBJC_ISA_USAGE = YES_ERROR;
				CLANG_WARN_DOCUMENTATION_COMMENTS = YES;
				CLANG_WARN_EMPTY_BODY = YES;
				CLANG_WARN_ENUM_CONVERSION = YES;
				CLANG_WARN_INFINITE_RECURSION = YES;
				CLANG_WARN_INT_CONVERSION = YES;
				CLANG_WARN_NON_LITERAL_NULL_CONVERSION = YES;
				CLANG_WARN_OBJC_IMPLICIT_RETAIN_SELF = YES;
				CLANG_WARN_OBJC_LITERAL_CONVERSION = YES;
				CLANG_WARN_OBJC_ROOT_CLASS = YES_ERROR;
				CLANG_WARN_RANGE_LOOP_ANALYSIS = YES;
				CLANG_WARN_STRICT_PROTOTYPES = YES;
				CLANG_WARN_SUSPICIOUS_MOVE = YES;
				CLANG_WARN_UNGUARDED_AVAILABILITY = YES_AGGRESSIVE;
				CLANG_WARN_UNREACHABLE_CODE = YES;
				CLANG_WARN__DUPLICATE_METHOD_MATCH = YES;
				CODE_SIGN_IDENTITY = "iPhone Developer";
				COPY_PHASE_STRIP = NO;
				DEBUG_INFORMATION_FORMAT = "dwarf-with-dsym";
				ENABLE_NS_ASSERTIONS = NO;
				ENABLE_STRICT_OBJC_MSGSEND = YES;
				GCC_C_LANGUAGE_STANDARD = gnu11;
				GCC_NO_COMMON_BLOCKS = YES;
				GCC_WARN_64_TO_32_BIT_CONVERSION = YES;
				GCC_WARN_ABOUT_RETURN_TYPE = YES_ERROR;
				GCC_WARN_UNDECLARED_SELECTOR = YES;
				GCC_WARN_UNINITIALIZED_AUTOS = YES_AGGRESSIVE;
				GCC_WARN_UNUSED_FUNCTION = YES;
				GCC_WARN_UNUSED_VARIABLE = YES;
				IPHONEOS_DEPLOYMENT_TARGET = 12.2;
				MTL_ENABLE_DEBUG_INFO = NO;
				MTL_FAST_MATH = YES;
				SDKROOT = iphoneos;
				SWIFT_COMPILATION_MODE = wholemodule;
				SWIFT_OPTIMIZATION_LEVEL = "-O";
				VALIDATE_PRODUCT = YES;
			};
			name = Release;
		};
		FA1CEB5022EAD3DD007F6D9F /* Debug */ = {
			isa = XCBuildConfiguration;
			buildSettings = {
				ASSETCATALOG_COMPILER_APPICON_NAME = AppIcon;
				CODE_SIGN_STYLE = Automatic;
				DEVELOPMENT_TEAM = 77CYVFT4M9;
				INFOPLIST_FILE = multipleImagePickerVC/Info.plist;
				LD_RUNPATH_SEARCH_PATHS = (
					"$(inherited)",
					"@executable_path/Frameworks",
				);
				PRODUCT_BUNDLE_IDENTIFIER = com.Kirti.multipleImagePickerVC;
				PRODUCT_NAME = "$(TARGET_NAME)";
				SWIFT_VERSION = 5.0;
				TARGETED_DEVICE_FAMILY = "1,2";
			};
			name = Debug;
		};
		FA1CEB5122EAD3DD007F6D9F /* Release */ = {
			isa = XCBuildConfiguration;
			buildSettings = {
				ASSETCATALOG_COMPILER_APPICON_NAME = AppIcon;
				CODE_SIGN_STYLE = Automatic;
				DEVELOPMENT_TEAM = 77CYVFT4M9;
				INFOPLIST_FILE = multipleImagePickerVC/Info.plist;
				LD_RUNPATH_SEARCH_PATHS = (
					"$(inherited)",
					"@executable_path/Frameworks",
				);
				PRODUCT_BUNDLE_IDENTIFIER = com.Kirti.multipleImagePickerVC;
				PRODUCT_NAME = "$(TARGET_NAME)";
				SWIFT_VERSION = 5.0;
				TARGETED_DEVICE_FAMILY = "1,2";
			};
			name = Release;
		};
/* End XCBuildConfiguration section */

/* Begin XCConfigurationList section */
		FA1CEB3822EAD3DB007F6D9F /* Build configuration list for PBXProject "multipleImagePickerVC" */ = {
			isa = XCConfigurationList;
			buildConfigurations = (
				FA1CEB4D22EAD3DD007F6D9F /* Debug */,
				FA1CEB4E22EAD3DD007F6D9F /* Release */,
			);
			defaultConfigurationIsVisible = 0;
			defaultConfigurationName = Release;
		};
		FA1CEB4F22EAD3DD007F6D9F /* Build configuration list for PBXNativeTarget "multipleImagePickerVC" */ = {
			isa = XCConfigurationList;
			buildConfigurations = (
				FA1CEB5022EAD3DD007F6D9F /* Debug */,
				FA1CEB5122EAD3DD007F6D9F /* Release */,
			);
			defaultConfigurationIsVisible = 0;
			defaultConfigurationName = Release;
		};
/* End XCConfigurationList section */
	};
	rootObject = FA1CEB3522EAD3DB007F6D9F /* Project object */;
}
